
Microsoft Visual Studio Solution File, Format Version 12.00
# Visual Studio Version 16
VisualStudioVersion = 16.0.28729.10
MinimumVisualStudioVersion = 10.0.40219.1
Project("{9A19103F-16F7-4668-BE54-9A1E7A4F7556}") = "SolidAnalyzer", "SolidAnalyzer\SolidAnalyzer\SolidAnalyzer.csproj", "{4DE97734-B108-4CC8-9C22-AD47C2CAEC92}"
EndProject
Project("{9A19103F-16F7-4668-BE54-9A1E7A4F7556}") = "SolidAnalyzer.Test", "SolidAnalyzer\SolidAnalyzer.Test\SolidAnalyzer.Test.csproj", "{D6ADC820-4C59-4DC9-9716-BEDBA8BC344D}"
EndProject
Project("{FAE04EC0-301F-11D3-BF4B-00C04F79EFBC}") = "SolidAnalyzer.Vsix", "SolidAnalyzer\SolidAnalyzer.Vsix\SolidAnalyzer.Vsix.csproj", "{89A71E6C-DB86-4E68-9D43-27D97B311D82}"
EndProject
Global
	GlobalSection(SolutionConfigurationPlatforms) = preSolution
		Debug|Any CPU = Debug|Any CPU
		Release|Any CPU = Release|Any CPU
	EndGlobalSection
	GlobalSection(ProjectConfigurationPlatforms) = postSolution
		{4DE97734-B108-4CC8-9C22-AD47C2CAEC92}.Debug|Any CPU.ActiveCfg = Debug|Any CPU
		{4DE97734-B108-4CC8-9C22-AD47C2CAEC92}.Debug|Any CPU.Build.0 = Debug|Any CPU
		{4DE97734-B108-4CC8-9C22-AD47C2CAEC92}.Release|Any CPU.ActiveCfg = Release|Any CPU
		{4DE97734-B108-4CC8-9C22-AD47C2CAEC92}.Release|Any CPU.Build.0 = Release|Any CPU
		{D6ADC820-4C59-4DC9-9716-BEDBA8BC344D}.Debug|Any CPU.ActiveCfg = Debug|Any CPU
		{D6ADC820-4C59-4DC9-9716-BEDBA8BC344D}.Debug|Any CPU.Build.0 = Debug|Any CPU
		{D6ADC820-4C59-4DC9-9716-BEDBA8BC344D}.Release|Any CPU.ActiveCfg = Release|Any CPU
		{D6ADC820-4C59-4DC9-9716-BEDBA8BC344D}.Release|Any CPU.Build.0 = Release|Any CPU
		{89A71E6C-DB86-4E68-9D43-27D97B311D82}.Debug|Any CPU.ActiveCfg = Debug|Any CPU
		{89A71E6C-DB86-4E68-9D43-27D97B311D82}.Debug|Any CPU.Build.0 = Debug|Any CPU
		{89A71E6C-DB86-4E68-9D43-27D97B311D82}.Release|Any CPU.ActiveCfg = Release|Any CPU
		{89A71E6C-DB86-4E68-9D43-27D97B311D82}.Release|Any CPU.Build.0 = Release|Any CPU
	EndGlobalSection
	GlobalSection(SolutionProperties) = preSolution
		HideSolutionNode = FALSE
	EndGlobalSection
	GlobalSection(ExtensibilityGlobals) = postSolution
		SolutionGuid = {7F2EFCEC-2646-41D0-A19F-C56300B83A29}
	EndGlobalSection
EndGlobal
